
Microsoft Visual Studio Solution File, Format Version 12.00
# Visual Studio Version 16
VisualStudioVersion = 16.0.29326.143
MinimumVisualStudioVersion = 10.0.40219.1
Project("{FAE04EC0-301F-11D3-BF4B-00C04F79EFBC}") = "ConsoleApp", "ConsoleApp.csproj", "{1BC68F93-61B9-4EEF-BD3A-C293DBC9A4E0}"
EndProject
Project("{9A19103F-16F7-4668-BE54-9A1E7A4F7556}") = "Microsoft.BingAds.SDK.Extensions", "..\..\Microsoft.BingAds.SDK.Extensions\Microsoft.BingAds.SDK.Extensions.csproj", "{660B9C0C-A7D7-497E-99AB-299F70855BCF}"
EndProject
Global
	GlobalSection(SolutionConfigurationPlatforms) = preSolution
		Debug|Any CPU = Debug|Any CPU
		Debug|x86 = Debug|x86
		Release|Any CPU = Release|Any CPU
		Release|x86 = Release|x86
	EndGlobalSection
	GlobalSection(ProjectConfigurationPlatforms) = postSolution
		{1BC68F93-61B9-4EEF-BD3A-C293DBC9A4E0}.Debug|Any CPU.ActiveCfg = Debug|Any CPU
		{1BC68F93-61B9-4EEF-BD3A-C293DBC9A4E0}.Debug|Any CPU.Build.0 = Debug|Any CPU
		{1BC68F93-61B9-4EEF-BD3A-C293DBC9A4E0}.Debug|x86.ActiveCfg = Debug|Any CPU
		{1BC68F93-61B9-4EEF-BD3A-C293DBC9A4E0}.Debug|x86.Build.0 = Debug|Any CPU
		{1BC68F93-61B9-4EEF-BD3A-C293DBC9A4E0}.Release|Any CPU.ActiveCfg = Release|Any CPU
		{1BC68F93-61B9-4EEF-BD3A-C293DBC9A4E0}.Release|Any CPU.Build.0 = Release|Any CPU
		{1BC68F93-61B9-4EEF-BD3A-C293DBC9A4E0}.Release|x86.ActiveCfg = Release|Any CPU
		{1BC68F93-61B9-4EEF-BD3A-C293DBC9A4E0}.Release|x86.Build.0 = Release|Any CPU
		{660B9C0C-A7D7-497E-99AB-299F70855BCF}.Debug|Any CPU.ActiveCfg = Debug|Any CPU
		{660B9C0C-A7D7-497E-99AB-299F70855BCF}.Debug|Any CPU.Build.0 = Debug|Any CPU
		{660B9C0C-A7D7-497E-99AB-299F70855BCF}.Debug|x86.ActiveCfg = Debug|Any CPU
		{660B9C0C-A7D7-497E-99AB-299F70855BCF}.Debug|x86.Build.0 = Debug|Any CPU
		{660B9C0C-A7D7-497E-99AB-299F70855BCF}.Release|Any CPU.ActiveCfg = Release|Any CPU
		{660B9C0C-A7D7-497E-99AB-299F70855BCF}.Release|Any CPU.Build.0 = Release|Any CPU
		{660B9C0C-A7D7-497E-99AB-299F70855BCF}.Release|x86.ActiveCfg = Release|Any CPU
		{660B9C0C-A7D7-497E-99AB-299F70855BCF}.Release|x86.Build.0 = Release|Any CPU
	EndGlobalSection
	GlobalSection(SolutionProperties) = preSolution
		HideSolutionNode = FALSE
	EndGlobalSection
	GlobalSection(ExtensibilityGlobals) = postSolution
		SolutionGuid = {A1E6CB2D-1CF4-4EAC-8EC1-A63623CDAF27}
	EndGlobalSection
EndGlobal
